
Microsoft Visual Studio Solution File, Format Version 12.00
# Visual Studio 15
VisualStudioVersion = 15.0.27130.2010
MinimumVisualStudioVersion = 10.0.40219.1
Project("{FAE04EC0-301F-11D3-BF4B-00C04F79EFBC}") = "WebSocketServer", "WebSocketServer\WebSocketServer.csproj", "{49D6C360-045A-48D5-82FF-32E9EA770D7D}"
EndProject
Global
	GlobalSection(SolutionConfigurationPlatforms) = preSolution
		Debug|Any CPU = Debug|Any CPU
		Release|Any CPU = Release|Any CPU
	EndGlobalSection
	GlobalSection(ProjectConfigurationPlatforms) = postSolution
		{49D6C360-045A-48D5-82FF-32E9EA770D7D}.Debug|Any CPU.ActiveCfg = Debug|Any CPU
		{49D6C360-045A-48D5-82FF-32E9EA770D7D}.Debug|Any CPU.Build.0 = Debug|Any CPU
		{49D6C360-045A-48D5-82FF-32E9EA770D7D}.Release|Any CPU.ActiveCfg = Release|Any CPU
		{49D6C360-045A-48D5-82FF-32E9EA770D7D}.Release|Any CPU.Build.0 = Release|Any CPU
	EndGlobalSection
	GlobalSection(SolutionProperties) = preSolution
		HideSolutionNode = FALSE
	EndGlobalSection
	GlobalSection(ExtensibilityGlobals) = postSolution
		SolutionGuid = {2AB6CCE9-8F42-40CF-9CEE-98B3116CB774}
	EndGlobalSection
EndGlobal
